
Microsoft Visual Studio Solution File, Format Version 12.00
# Visual Studio Version 16
VisualStudioVersion = 16.0.30406.217
MinimumVisualStudioVersion = 10.0.40219.1
Project("{FAE04EC0-301F-11D3-BF4B-00C04F79EFBC}") = "Rehborn.AspNetAutoFacExample", "Rehborn.AspNetAutoFacExample\Rehborn.AspNetAutoFacExample.csproj", "{46477CA8-C047-43D1-8AB3-62D2D76C3534}"
EndProject
Global
	GlobalSection(SolutionConfigurationPlatforms) = preSolution
		Debug|Any CPU = Debug|Any CPU
		Release|Any CPU = Release|Any CPU
	EndGlobalSection
	GlobalSection(ProjectConfigurationPlatforms) = postSolution
		{46477CA8-C047-43D1-8AB3-62D2D76C3534}.Debug|Any CPU.ActiveCfg = Debug|Any CPU
		{46477CA8-C047-43D1-8AB3-62D2D76C3534}.Debug|Any CPU.Build.0 = Debug|Any CPU
		{46477CA8-C047-43D1-8AB3-62D2D76C3534}.Release|Any CPU.ActiveCfg = Release|Any CPU
		{46477CA8-C047-43D1-8AB3-62D2D76C3534}.Release|Any CPU.Build.0 = Release|Any CPU
	EndGlobalSection
	GlobalSection(SolutionProperties) = preSolution
		HideSolutionNode = FALSE
	EndGlobalSection
	GlobalSection(ExtensibilityGlobals) = postSolution
		SolutionGuid = {6DFC1BD3-B9D6-4AB5-AE82-DAF2A9CF74D2}
	EndGlobalSection
EndGlobal
